Microsoft Visual Studio Solution File, Format Version 12.00
# Visual Studio Version 17
VisualStudioVersion = 17.5.2.0
MinimumVisualStudioVersion = 10.0.40219.1
Project("{FAE04EC0-301F-11D3-BF4B-00C04F79EFBC}") = "Zer0Talk", "Zer0Talk.csproj", "{9282D0C2-EC48-5627-A71A-C29B0A8C0879}"
EndProject
Project("{FAE04EC0-301F-11D3-BF4B-00C04F79EFBC}") = "Zer0Talk.RelayServer", "Zer0Talk.RelayServer\Zer0Talk.RelayServer.csproj", "{3C64D37E-1F18-4F1B-8C35-55D7B9A6E0C5}"
EndProject
Global
	GlobalSection(SolutionConfigurationPlatforms) = preSolution
		Debug|Any CPU = Debug|Any CPU
		Release|Any CPU = Release|Any CPU
	EndGlobalSection
	GlobalSection(ProjectConfigurationPlatforms) = postSolution
		{9282D0C2-EC48-5627-A71A-C29B0A8C0879}.Debug|Any CPU.ActiveCfg = Debug|Any CPU
		{9282D0C2-EC48-5627-A71A-C29B0A8C0879}.Debug|Any CPU.Build.0 = Debug|Any CPU
		{9282D0C2-EC48-5627-A71A-C29B0A8C0879}.Release|Any CPU.ActiveCfg = Release|Any CPU
		{9282D0C2-EC48-5627-A71A-C29B0A8C0879}.Release|Any CPU.Build.0 = Release|Any CPU
		{3C64D37E-1F18-4F1B-8C35-55D7B9A6E0C5}.Debug|Any CPU.ActiveCfg = Debug|Any CPU
		{3C64D37E-1F18-4F1B-8C35-55D7B9A6E0C5}.Debug|Any CPU.Build.0 = Debug|Any CPU
		{3C64D37E-1F18-4F1B-8C35-55D7B9A6E0C5}.Release|Any CPU.ActiveCfg = Release|Any CPU
		{3C64D37E-1F18-4F1B-8C35-55D7B9A6E0C5}.Release|Any CPU.Build.0 = Release|Any CPU
	EndGlobalSection
	GlobalSection(SolutionProperties) = preSolution
		HideSolutionNode = FALSE
	EndGlobalSection
	GlobalSection(ExtensibilityGlobals) = postSolution
		SolutionGuid = {A477F846-BD7C-4F22-898F-B4800A71AC46}
	EndGlobalSection
EndGlobal
